{
  "name": "fs-iterator-operations-testOptions",
  "version": "0.0.0",
  "lockfileVersion": 1,
  "requires": true,
  "dependencies": {
    "async-compatibilty": {
      "version": "1.3.0",
      "resolved": "https://registry.npmjs.org/async-compatibilty/-/async-compatibilty-1.3.0.tgz",
      "integrity": "sha512-x6oqWc+seyeWD+k5mGyPvTFz2CzIGBtNZfvnyEeNYsyGvnRzJe24ItMowYm9NymBsmSUNAxqxdOkEvS9BPChgw==",
      "requires": {
        "is-error": "^2.2.2",
        "is-promise": "^2.1.0"
      }
    },
    "benchmark-suite": {
      "version": "0.1.0",
      "resolved": "https://registry.npmjs.org/benchmark-suite/-/benchmark-suite-0.1.0.tgz",
      "integrity": "sha512-kGNmiNj9NqubKuAdvZD7g83wjly/errAG9EHayLHddhqWU/XOS7KWGOCssMfKK8fv04ttdzHir4UBs52lvXveg==",
      "requires": {
        "eventemitter3": "^4.0.0",
        "expose-gc": "^1.0.0",
        "heapdump": "^0.3.15",
        "humanize-data": "^1.3.7",
        "pify": "^5.0.0",
        "stats-incremental": "^1.2.1"
      }
    },
    "call-once-next-tick": {
      "version": "1.0.0",
      "resolved": "https://registry.npmjs.org/call-once-next-tick/-/call-once-next-tick-1.0.0.tgz",
      "integrity": "sha512-3hBxi+Sh1GmSx1cmoGYKnmmwWxEd/QqcAQ4H6YjCp7nCE34cjQO3/CSwheyXQT+IWt7r4v2DsZudDSlVhKC2Qw==",
      "requires": {
        "next-tick": "^1.1.0"
      }
    },
    "eventemitter3": {
      "version": "4.0.0",
      "resolved": "https://registry.npmjs.org/eventemitter3/-/eventemitter3-4.0.0.tgz",
      "integrity": "sha512-qerSRB0p+UDEssxTtm6EDKcE7W4OaoisfIMl4CngyEhjpYglocpNg6UEqCvemdGhosAsg4sO2dXJOdyBifPGCg=="
    },
    "expose-gc": {
      "version": "1.0.0",
      "resolved": "https://registry.npmjs.org/expose-gc/-/expose-gc-1.0.0.tgz",
      "integrity": "sha512-ecOHrdm+zyOCGIwX18/1RHkUWgxDqGGRiGhaNC+42jReTtudbm2ID/DMa/wpaHwqy5YQHPZvsDqRM2F2iZ0uVA=="
    },
    "fifo": {
      "version": "2.3.0",
      "resolved": "https://registry.npmjs.org/fifo/-/fifo-2.3.0.tgz",
      "integrity": "sha1-GC3o3QYyqkfPaBbZvEMjMX1SWdw="
    },
    "fs-iterator-2.2.0": {
      "version": "npm:fs-iterator@2.5.2",
      "resolved": "https://registry.npmjs.org/fs-iterator/-/fs-iterator-2.5.2.tgz",
      "integrity": "sha512-AvA+9IQpwp2S2E2c3PhdIoQQu6zOrPRY/BP90N7dBd7UI3JMoHtooS1WgIC+o52tAcj6L2dr7035Sqb2Fc6YCg==",
      "requires": {
        "async-compatibilty": "^1.3.0",
        "call-once-next-tick": "^1.0.0",
        "eventemitter3": "^4.0.0",
        "fifo": "^2.3.0",
        "inherits": "^2.0.4"
      }
    },
    "heapdump": {
      "version": "0.3.15",
      "resolved": "https://registry.npmjs.org/heapdump/-/heapdump-0.3.15.tgz",
      "integrity": "sha512-n8aSFscI9r3gfhOcAECAtXFaQ1uy4QSke6bnaL+iymYZ/dWs9cqDqHM+rALfsHUwukUbxsdlECZ0pKmJdQ/4OA==",
      "requires": {
        "nan": "^2.13.2"
      }
    },
    "humanize-data": {
      "version": "1.3.7",
      "resolved": "https://registry.npmjs.org/humanize-data/-/humanize-data-1.3.7.tgz",
      "integrity": "sha512-7d/C1a8OBjfEK/FZv9RS9VP5552ll+IB3aBAf6aRecqvhxsUIeJV+LqMlecaiPMMsmDafOyQWKf70ZUDs7etpQ=="
    },
    "inherits": {
      "version": "2.0.4",
      "resolved": "https://registry.npmjs.org/inherits/-/inherits-2.0.4.tgz",
      "integrity": "sha512-k/vGaX4/Yla3WzyMCvTQOXYeIHvqOKtnqBduzTHpzpQZzAskKMhZ2K+EnBiSM9zGSoIFeMpXKxa4dYeZIQqewQ=="
    },
    "is-error": {
      "version": "2.2.2",
      "resolved": "https://registry.npmjs.org/is-error/-/is-error-2.2.2.tgz",
      "integrity": "sha512-IOQqts/aHWbiisY5DuPJQ0gcbvaLFCa7fBa9xoLfxBZvQ+ZI/Zh9xoI7Gk+G64N0FdK4AbibytHht2tWgpJWLg=="
    },
    "is-promise": {
      "version": "2.1.0",
      "resolved": "https://registry.npmjs.org/is-promise/-/is-promise-2.1.0.tgz",
      "integrity": "sha1-eaKp7OfwlugPNtKy87wWwf9L8/o="
    },
    "isnumber": {
      "version": "1.0.0",
      "resolved": "https://registry.npmjs.org/isnumber/-/isnumber-1.0.0.tgz",
      "integrity": "sha1-Dj+XWbWB2Z3YUIbw7Cp0kJz63QE="
    },
    "nan": {
      "version": "2.14.0",
      "resolved": "https://registry.npmjs.org/nan/-/nan-2.14.0.tgz",
      "integrity": "sha512-INOFj37C7k3AfaNTtX8RhsTw7qRy7eLET14cROi9+5HAVbbHuIWUHEauBv5qT4Av2tWasiTY1Jw6puUNqRJXQg=="
    },
    "next-tick": {
      "version": "1.1.0",
      "resolved": "https://registry.npmjs.org/next-tick/-/next-tick-1.1.0.tgz",
      "integrity": "sha512-CXdUiJembsNjuToQvxayPZF9Vqht7hewsvy2sOWafLvi2awflj9mOC6bHIg50orX8IJvWKY9wYQ/zB2kogPslQ=="
    },
    "picomatch": {
      "version": "2.2.2",
      "resolved": "https://registry.npmjs.org/picomatch/-/picomatch-2.2.2.tgz",
      "integrity": "sha512-q0M/9eZHzmr0AulXyPwNfZjtwZ/RBZlbN3K3CErVrk50T2ASYI7Bye0EvekFY3IP1Nt2DHu0re+V2ZHIpMkuWg=="
    },
    "pify": {
      "version": "5.0.0",
      "resolved": "https://registry.npmjs.org/pify/-/pify-5.0.0.tgz",
      "integrity": "sha512-eW/gHNMlxdSP6dmG6uJip6FXN0EQBwm2clYYd8Wul42Cwu/DK8HEftzsapcNdYe2MfLiIwZqsDk2RDEsTE79hA=="
    },
    "readdirp": {
      "version": "3.4.0",
      "resolved": "https://registry.npmjs.org/readdirp/-/readdirp-3.4.0.tgz",
      "integrity": "sha512-0xe001vZBnJEK+uKcj8qOhyAKPzIT+gStxWr3LCB0DwcXR5NZJ3IaC+yGnHCYzB/S7ov3m3EEbZI2zeNvX+hGQ==",
      "requires": {
        "picomatch": "^2.2.1"
      }
    },
    "stats-incremental": {
      "version": "1.2.1",
      "resolved": "https://registry.npmjs.org/stats-incremental/-/stats-incremental-1.2.1.tgz",
      "integrity": "sha1-fvlXGCxi2HkFjHpHNauI0qxFxrU=",
      "requires": {
        "stats-lite": "^2.1.0"
      }
    },
    "stats-lite": {
      "version": "2.2.0",
      "resolved": "https://registry.npmjs.org/stats-lite/-/stats-lite-2.2.0.tgz",
      "integrity": "sha512-/Kz55rgUIv2KP2MKphwYT/NCuSfAlbbMRv2ZWw7wyXayu230zdtzhxxuXXcvsc6EmmhS8bSJl3uS1wmMHFumbA==",
      "requires": {
        "isnumber": "~1.0.0"
      }
    }
  }
}
