{
  "name": "readdirp-walk-performance",
  "version": "0.0.0",
  "lockfileVersion": 3,
  "requires": true,
  "packages": {
    "": {
      "name": "readdirp-walk-performance",
      "version": "0.0.0",
      "license": "MIT",
      "dependencies": {
        "benchmark-suite": "^0.1.8",
        "readdirp": "^3.6.0"
      },
      "engines": {
        "node": ">=8"
      }
    },
    "node_modules/benchmark-suite": {
      "version": "0.1.8",
      "resolved": "https://registry.npmjs.org/benchmark-suite/-/benchmark-suite-0.1.8.tgz",
      "integrity": "sha512-UDfWBQfeq/lXcsjuGAanOrX6AhP6HQSsutGS7CfStcbE1loLge7aQr5DT6n8r/4bUoiK+5RYwnogNu5UuTBMNg==",
      "dependencies": {
        "eventemitter3": "^4.0.7",
        "expose-gc": "^1.0.0",
        "human-format": "^1.0.0",
        "pretty-bytes": "^5.6.0",
        "stats-accumulator": "^1.1.2"
      },
      "engines": {
        "node": ">=8"
      }
    },
    "node_modules/eventemitter3": {
      "version": "4.0.7",
      "resolved": "https://registry.npmjs.org/eventemitter3/-/eventemitter3-4.0.7.tgz",
      "integrity": "sha512-8guHBZCwKnFhYdHr2ysuRWErTwhoN2X8XELRlrRwpmfeY2jjuUN4taQMsULKUVo1K4DvZl+0pgfyoysHxvmvEw=="
    },
    "node_modules/expose-gc": {
      "version": "1.0.0",
      "resolved": "https://registry.npmjs.org/expose-gc/-/expose-gc-1.0.0.tgz",
      "integrity": "sha512-ecOHrdm+zyOCGIwX18/1RHkUWgxDqGGRiGhaNC+42jReTtudbm2ID/DMa/wpaHwqy5YQHPZvsDqRM2F2iZ0uVA==",
      "engines": {
        "node": ">=4"
      }
    },
    "node_modules/human-format": {
      "version": "1.2.0",
      "resolved": "https://registry.npmjs.org/human-format/-/human-format-1.2.0.tgz",
      "integrity": "sha512-GIjOefWusTiXEPezbuI59uc1G2SNMpym6w1wNfoWAG6QrTsWueuauR5We0xHHuzoJKIYTwwNtTEy0ahyji5KXw==",
      "engines": {
        "node": ">=4"
      }
    },
    "node_modules/picomatch": {
      "version": "2.3.1",
      "resolved": "https://registry.npmjs.org/picomatch/-/picomatch-2.3.1.tgz",
      "integrity": "sha512-JU3teHTNjmE2VCGFzuY8EXzCDVwEqB2a8fsIvwaStHhAWJEeVd1o1QD80CU6+ZdEXXSLbSsuLwJjkCBWqRQUVA==",
      "engines": {
        "node": ">=8.6"
      },
      "funding": {
        "url": "https://github.com/sponsors/jonschlinkert"
      }
    },
    "node_modules/pretty-bytes": {
      "version": "5.6.0",
      "resolved": "https://registry.npmjs.org/pretty-bytes/-/pretty-bytes-5.6.0.tgz",
      "integrity": "sha512-FFw039TmrBqFK8ma/7OL3sDz/VytdtJr044/QUJtH0wK9lb9jLq9tJyIxUwtQJHwar2BqtiA4iCWSwo9JLkzFg==",
      "engines": {
        "node": ">=6"
      },
      "funding": {
        "url": "https://github.com/sponsors/sindresorhus"
      }
    },
    "node_modules/readdirp": {
      "version": "3.6.0",
      "resolved": "https://registry.npmjs.org/readdirp/-/readdirp-3.6.0.tgz",
      "integrity": "sha512-hOS089on8RduqdbhvQ5Z37A0ESjsqz6qnRcffsMU3495FuTdqSm+7bhJ29JvIOsBDEEnan5DPu9t3To9VRlMzA==",
      "dependencies": {
        "picomatch": "^2.2.1"
      },
      "engines": {
        "node": ">=8.10.0"
      }
    },
    "node_modules/stats-accumulator": {
      "version": "1.1.3",
      "resolved": "https://registry.npmjs.org/stats-accumulator/-/stats-accumulator-1.1.3.tgz",
      "integrity": "sha512-ys8OR2RWx4Y9xC/fkFUKI3t2ElHpR4Xdp8rIWVCTl4DWmfS80gvxl0LwNKYUio/ibBUpsoMaUYbWldonVfPBFQ==",
      "engines": {
        "node": ">=0.8"
      }
    }
  }
}
