{
  "name": "fs-iterator-operations-testOptions",
  "version": "0.0.0",
  "lockfileVersion": 1,
  "requires": true,
  "dependencies": {
    "benchmark-suite": {
      "version": "0.1.5",
      "resolved": "https://registry.npmjs.org/benchmark-suite/-/benchmark-suite-0.1.5.tgz",
      "integrity": "sha512-990ric3owEOy438RXTg9xSjrtzKa9rfPBkgBUybr8uQDztEUyPwimoE8VeHAdEFvDGLlvePOW+kTovLK3/WW0Q==",
      "requires": {
        "eventemitter3": "^4.0.0",
        "expose-gc": "^1.0.0",
        "heapdump": "^0.3.15",
        "human-format": "^0.10.1",
        "pify": "^5.0.0",
        "pretty-bytes": "^5.3.0",
        "stats-accumulator": "^1.1.0"
      }
    },
    "eventemitter3": {
      "version": "4.0.0",
      "resolved": "https://registry.npmjs.org/eventemitter3/-/eventemitter3-4.0.0.tgz",
      "integrity": "sha512-qerSRB0p+UDEssxTtm6EDKcE7W4OaoisfIMl4CngyEhjpYglocpNg6UEqCvemdGhosAsg4sO2dXJOdyBifPGCg=="
    },
    "expose-gc": {
      "version": "1.0.0",
      "resolved": "https://registry.npmjs.org/expose-gc/-/expose-gc-1.0.0.tgz",
      "integrity": "sha512-ecOHrdm+zyOCGIwX18/1RHkUWgxDqGGRiGhaNC+42jReTtudbm2ID/DMa/wpaHwqy5YQHPZvsDqRM2F2iZ0uVA=="
    },
    "heapdump": {
      "version": "0.3.15",
      "resolved": "https://registry.npmjs.org/heapdump/-/heapdump-0.3.15.tgz",
      "integrity": "sha512-n8aSFscI9r3gfhOcAECAtXFaQ1uy4QSke6bnaL+iymYZ/dWs9cqDqHM+rALfsHUwukUbxsdlECZ0pKmJdQ/4OA==",
      "requires": {
        "nan": "^2.13.2"
      }
    },
    "human-format": {
      "version": "0.10.1",
      "resolved": "https://registry.npmjs.org/human-format/-/human-format-0.10.1.tgz",
      "integrity": "sha512-UzCHToSw3HI9MxH9tYzMr1JbHJbgzr6o0hZCun7sruv59S1leps21bmgpBkkwEvQon5n/2OWKH1iU7BEko02cg=="
    },
    "nan": {
      "version": "2.14.0",
      "resolved": "https://registry.npmjs.org/nan/-/nan-2.14.0.tgz",
      "integrity": "sha512-INOFj37C7k3AfaNTtX8RhsTw7qRy7eLET14cROi9+5HAVbbHuIWUHEauBv5qT4Av2tWasiTY1Jw6puUNqRJXQg=="
    },
    "picomatch": {
      "version": "2.2.2",
      "resolved": "https://registry.npmjs.org/picomatch/-/picomatch-2.2.2.tgz",
      "integrity": "sha512-q0M/9eZHzmr0AulXyPwNfZjtwZ/RBZlbN3K3CErVrk50T2ASYI7Bye0EvekFY3IP1Nt2DHu0re+V2ZHIpMkuWg=="
    },
    "pify": {
      "version": "5.0.0",
      "resolved": "https://registry.npmjs.org/pify/-/pify-5.0.0.tgz",
      "integrity": "sha512-eW/gHNMlxdSP6dmG6uJip6FXN0EQBwm2clYYd8Wul42Cwu/DK8HEftzsapcNdYe2MfLiIwZqsDk2RDEsTE79hA=="
    },
    "pretty-bytes": {
      "version": "5.3.0",
      "resolved": "https://registry.npmjs.org/pretty-bytes/-/pretty-bytes-5.3.0.tgz",
      "integrity": "sha512-hjGrh+P926p4R4WbaB6OckyRtO0F0/lQBiT+0gnxjV+5kjPBrfVBFCsCLbMqVQeydvIoouYTCmmEURiH3R1Bdg=="
    },
    "readdirp": {
      "version": "3.4.0",
      "resolved": "https://registry.npmjs.org/readdirp/-/readdirp-3.4.0.tgz",
      "integrity": "sha512-0xe001vZBnJEK+uKcj8qOhyAKPzIT+gStxWr3LCB0DwcXR5NZJ3IaC+yGnHCYzB/S7ov3m3EEbZI2zeNvX+hGQ==",
      "requires": {
        "picomatch": "^2.2.1"
      }
    },
    "stats-accumulator": {
      "version": "1.1.0",
      "resolved": "https://registry.npmjs.org/stats-accumulator/-/stats-accumulator-1.1.0.tgz",
      "integrity": "sha512-ZdvrSBiWWnF1eqWQ03tEMqqIm4FTQhPvcqZTbtL1DZFo2zgp7onMYQcF1DxlAUUz6ZaeHpNdkt3/gelRadrtJQ=="
    }
  }
}
